// !$*UTF8*$!
{
	archiveVersion = 1;
	classes = {
	};
	objectVersion = 51;
	objects = {

/* Begin PBXBuildFile section */
		244A24AD25985E8700C1E0CE /* GoogleService-Info.plist in Resources */ = {isa = PBXBuildFile; fileRef = 244A24AC25985E8700C1E0CE /* GoogleService-Info.plist */; };
		244A24D225986B4400C1E0CE /* Constants.swift in Sources */ = {isa = PBXBuildFile; fileRef = 244A24D125986B4400C1E0CE /* Constants.swift */; };
		244A24D52598725900C1E0CE /* AuthServices.swift in Sources */ = {isa = PBXBuildFile; fileRef = 244A24D42598725900C1E0CE /* AuthServices.swift */; };
		24B3962A2599E1FE000E576B /* UserServices.swift in Sources */ = {isa = PBXBuildFile; fileRef = 24B396292599E1FE000E576B /* UserServices.swift */; };
		24E939CC258D4BC000979FE4 /* AppDelegate.swift in Sources */ = {isa = PBXBuildFile; fileRef = 24E939CB258D4BC000979FE4 /* AppDelegate.swift */; };
		24E939CE258D4BC000979FE4 /* SceneDelegate.swift in Sources */ = {isa = PBXBuildFile; fileRef = 24E939CD258D4BC000979FE4 /* SceneDelegate.swift */; };
		24E939D0258D4BC000979FE4 /* ViewController.swift in Sources */ = {isa = PBXBuildFile; fileRef = 24E939CF258D4BC000979FE4 /* ViewController.swift */; };
		24E939D3258D4BC000979FE4 /* Main.storyboard in Resources */ = {isa = PBXBuildFile; fileRef = 24E939D1258D4BC000979FE4 /* Main.storyboard */; };
		24E939D5258D4BC200979FE4 /* Assets.xcassets in Resources */ = {isa = PBXBuildFile; fileRef = 24E939D4258D4BC200979FE4 /* Assets.xcassets */; };
		24E939D8258D4BC200979FE4 /* LaunchScreen.storyboard in Resources */ = {isa = PBXBuildFile; fileRef = 24E939D6258D4BC200979FE4 /* LaunchScreen.storyboard */; };
		24E939E7258D4F9D00979FE4 /* MainTabController.swift in Sources */ = {isa = PBXBuildFile; fileRef = 24E939E6258D4F9D00979FE4 /* MainTabController.swift */; };
		24E939EB258D545700979FE4 /* FeedController.swift in Sources */ = {isa = PBXBuildFile; fileRef = 24E939EA258D545700979FE4 /* FeedController.swift */; };
		24E939EE258D54DD00979FE4 /* ExploreController.swift in Sources */ = {isa = PBXBuildFile; fileRef = 24E939ED258D54DD00979FE4 /* ExploreController.swift */; };
		24E939F1258D550D00979FE4 /* NotificationsController.swift in Sources */ = {isa = PBXBuildFile; fileRef = 24E939F0258D550D00979FE4 /* NotificationsController.swift */; };
		24E939F4258D552B00979FE4 /* ConversationController.swift in Sources */ = {isa = PBXBuildFile; fileRef = 24E939F3258D552B00979FE4 /* ConversationController.swift */; };
		24E939F7258D600C00979FE4 /* Extensions.swift in Sources */ = {isa = PBXBuildFile; fileRef = 24E939F6258D600C00979FE4 /* Extensions.swift */; };
		24E939FB258DED2300979FE4 /* LoginController.swift in Sources */ = {isa = PBXBuildFile; fileRef = 24E939FA258DED2300979FE4 /* LoginController.swift */; };
		24E939FE258DEDF800979FE4 /* RegistrationController.swift in Sources */ = {isa = PBXBuildFile; fileRef = 24E939FD258DEDF800979FE4 /* RegistrationController.swift */; };
		24E93A01258DFA1900979FE4 /* Utilities.swift in Sources */ = {isa = PBXBuildFile; fileRef = 24E93A00258DFA1900979FE4 /* Utilities.swift */; };
		84361E73A6EB4DC2513928CC /* Pods_Twitty.framework in Frameworks */ = {isa = PBXBuildFile; fileRef = B4641BAE6E9B505706330419 /* Pods_Twitty.framework */; };
/* End PBXBuildFile section */

/* Begin PBXFileReference section */
		1355648432E745FF9E1800F1 /* Pods-Twitty.release.xcconfig */ = {isa = PBXFileReference; includeInIndex = 1; lastKnownFileType = text.xcconfig; name = "Pods-Twitty.release.xcconfig"; path = "Target Support Files/Pods-Twitty/Pods-Twitty.release.xcconfig"; sourceTree = "<group>"; };
		244A24AC25985E8700C1E0CE /* GoogleService-Info.plist */ = {isa = PBXFileReference; fileEncoding = 4; lastKnownFileType = text.plist.xml; path = "GoogleService-Info.plist"; sourceTree = "<group>"; };
		244A24D125986B4400C1E0CE /* Constants.swift */ = {isa = PBXFileReference; lastKnownFileType = sourcecode.swift; path = Constants.swift; sourceTree = "<group>"; };
		244A24D42598725900C1E0CE /* AuthServices.swift */ = {isa = PBXFileReference; lastKnownFileType = sourcecode.swift; path = AuthServices.swift; sourceTree = "<group>"; };
		24B396292599E1FE000E576B /* UserServices.swift */ = {isa = PBXFileReference; lastKnownFileType = sourcecode.swift; path = UserServices.swift; sourceTree = "<group>"; };
		24E939C8258D4BC000979FE4 /* Twitty.app */ = {isa = PBXFileReference; explicitFileType = wrapper.application; includeInIndex = 0; path = Twitty.app; sourceTree = BUILT_PRODUCTS_DIR; };
		24E939CB258D4BC000979FE4 /* AppDelegate.swift */ = {isa = PBXFileReference; lastKnownFileType = sourcecode.swift; path = AppDelegate.swift; sourceTree = "<group>"; };
		24E939CD258D4BC000979FE4 /* SceneDelegate.swift */ = {isa = PBXFileReference; lastKnownFileType = sourcecode.swift; path = SceneDelegate.swift; sourceTree = "<group>"; };
		24E939CF258D4BC000979FE4 /* ViewController.swift */ = {isa = PBXFileReference; lastKnownFileType = sourcecode.swift; path = ViewController.swift; sourceTree = "<group>"; };
		24E939D2258D4BC000979FE4 /* Base */ = {isa = PBXFileReference; lastKnownFileType = file.storyboard; name = Base; path = Base.lproj/Main.storyboard; sourceTree = "<group>"; };
		24E939D4258D4BC200979FE4 /* Assets.xcassets */ = {isa = PBXFileReference; lastKnownFileType = folder.assetcatalog; path = Assets.xcassets; sourceTree = "<group>"; };
		24E939D7258D4BC200979FE4 /* Base */ = {isa = PBXFileReference; lastKnownFileType = file.storyboard; name = Base; path = Base.lproj/LaunchScreen.storyboard; sourceTree = "<group>"; };
		24E939D9258D4BC200979FE4 /* Info.plist */ = {isa = PBXFileReference; lastKnownFileType = text.plist.xml; path = Info.plist; sourceTree = "<group>"; };
		24E939E6258D4F9D00979FE4 /* MainTabController.swift */ = {isa = PBXFileReference; lastKnownFileType = sourcecode.swift; path = MainTabController.swift; sourceTree = "<group>"; };
		24E939EA258D545700979FE4 /* FeedController.swift */ = {isa = PBXFileReference; lastKnownFileType = sourcecode.swift; path = FeedController.swift; sourceTree = "<group>"; };
		24E939ED258D54DD00979FE4 /* ExploreController.swift */ = {isa = PBXFileReference; lastKnownFileType = sourcecode.swift; path = ExploreController.swift; sourceTree = "<group>"; };
		24E939F0258D550D00979FE4 /* NotificationsController.swift */ = {isa = PBXFileReference; lastKnownFileType = sourcecode.swift; path = NotificationsController.swift; sourceTree = "<group>"; };
		24E939F3258D552B00979FE4 /* ConversationController.swift */ = {isa = PBXFileReference; lastKnownFileType = sourcecode.swift; path = ConversationController.swift; sourceTree = "<group>"; };
		24E939F6258D600C00979FE4 /* Extensions.swift */ = {isa = PBXFileReference; fileEncoding = 4; lastKnownFileType = sourcecode.swift; path = Extensions.swift; sourceTree = "<group>"; };
		24E939FA258DED2300979FE4 /* LoginController.swift */ = {isa = PBXFileReference; lastKnownFileType = sourcecode.swift; path = LoginController.swift; sourceTree = "<group>"; };
		24E939FD258DEDF800979FE4 /* RegistrationController.swift */ = {isa = PBXFileReference; lastKnownFileType = sourcecode.swift; path = RegistrationController.swift; sourceTree = "<group>"; };
		24E93A00258DFA1900979FE4 /* Utilities.swift */ = {isa = PBXFileReference; lastKnownFileType = sourcecode.swift; path = Utilities.swift; sourceTree = "<group>"; };
		346E25FA2D59C19DB55BC72C /* Pods-Twitty.debug.xcconfig */ = {isa = PBXFileReference; includeInIndex = 1; lastKnownFileType = text.xcconfig; name = "Pods-Twitty.debug.xcconfig"; path = "Target Support Files/Pods-Twitty/Pods-Twitty.debug.xcconfig"; sourceTree = "<group>"; };
		B4641BAE6E9B505706330419 /* Pods_Twitty.framework */ = {isa = PBXFileReference; explicitFileType = wrapper.framework; includeInIndex = 0; path = Pods_Twitty.framework; sourceTree = BUILT_PRODUCTS_DIR; };
/* End PBXFileReference section */

/* Begin PBXFrameworksBuildPhase section */
		24E939C5258D4BC000979FE4 /* Frameworks */ = {
			isa = PBXFrameworksBuildPhase;
			buildActionMask = 2147483647;
			files = (
				84361E73A6EB4DC2513928CC /* Pods_Twitty.framework in Frameworks */,
			);
			runOnlyForDeploymentPostprocessing = 0;
		};
/* End PBXFrameworksBuildPhase section */

/* Begin PBXGroup section */
		24E939BF258D4BC000979FE4 = {
			isa = PBXGroup;
			children = (
				24E939CA258D4BC000979FE4 /* Twitty */,
				24E939C9258D4BC000979FE4 /* Products */,
				75785DA1127268D4E4F8B5E4 /* Pods */,
				7D0177DE27157B4E57E536DF /* Frameworks */,
			);
			sourceTree = "<group>";
		};
		24E939C9258D4BC000979FE4 /* Products */ = {
			isa = PBXGroup;
			children = (
				24E939C8258D4BC000979FE4 /* Twitty.app */,
			);
			name = Products;
			sourceTree = "<group>";
		};
		24E939CA258D4BC000979FE4 /* Twitty */ = {
			isa = PBXGroup;
			children = (
				24E939E5258D4EF600979FE4 /* Model */,
				24E939E4258D4EF300979FE4 /* View */,
				24E939E3258D4EF100979FE4 /* ViewModel */,
				24E939E2258D4EEB00979FE4 /* Controller */,
				24E939E1258D4EE800979FE4 /* API */,
				24E939E0258D4EE300979FE4 /* Utils */,
				24E939CB258D4BC000979FE4 /* AppDelegate.swift */,
				24E939CD258D4BC000979FE4 /* SceneDelegate.swift */,
				24E939CF258D4BC000979FE4 /* ViewController.swift */,
				24E939D1258D4BC000979FE4 /* Main.storyboard */,
				244A24AC25985E8700C1E0CE /* GoogleService-Info.plist */,
				24E939D4258D4BC200979FE4 /* Assets.xcassets */,
				24E939D6258D4BC200979FE4 /* LaunchScreen.storyboard */,
				24E939D9258D4BC200979FE4 /* Info.plist */,
			);
			path = Twitty;
			sourceTree = "<group>";
		};
		24E939E0258D4EE300979FE4 /* Utils */ = {
			isa = PBXGroup;
			children = (
				24E939F6258D600C00979FE4 /* Extensions.swift */,
				24E93A00258DFA1900979FE4 /* Utilities.swift */,
				244A24D125986B4400C1E0CE /* Constants.swift */,
			);
			path = Utils;
			sourceTree = "<group>";
		};
		24E939E1258D4EE800979FE4 /* API */ = {
			isa = PBXGroup;
			children = (
				244A24D42598725900C1E0CE /* AuthServices.swift */,
				24B396292599E1FE000E576B /* UserServices.swift */,
			);
			path = API;
			sourceTree = "<group>";
		};
		24E939E2258D4EEB00979FE4 /* Controller */ = {
			isa = PBXGroup;
			children = (
				24E939F9258DED0600979FE4 /* Authantication */,
				24E939E6258D4F9D00979FE4 /* MainTabController.swift */,
				24E939EA258D545700979FE4 /* FeedController.swift */,
				24E939ED258D54DD00979FE4 /* ExploreController.swift */,
				24E939F0258D550D00979FE4 /* NotificationsController.swift */,
				24E939F3258D552B00979FE4 /* ConversationController.swift */,
			);
			path = Controller;
			sourceTree = "<group>";
		};
		24E939E3258D4EF100979FE4 /* ViewModel */ = {
			isa = PBXGroup;
			children = (
			);
			path = ViewModel;
			sourceTree = "<group>";
		};
		24E939E4258D4EF300979FE4 /* View */ = {
			isa = PBXGroup;
			children = (
			);
			path = View;
			sourceTree = "<group>";
		};
		24E939E5258D4EF600979FE4 /* Model */ = {
			isa = PBXGroup;
			children = (
			);
			path = Model;
			sourceTree = "<group>";
		};
		24E939F9258DED0600979FE4 /* Authantication */ = {
			isa = PBXGroup;
			children = (
				24E939FA258DED2300979FE4 /* LoginController.swift */,
				24E939FD258DEDF800979FE4 /* RegistrationController.swift */,
			);
			path = Authantication;
			sourceTree = "<group>";
		};
		75785DA1127268D4E4F8B5E4 /* Pods */ = {
			isa = PBXGroup;
			children = (
				346E25FA2D59C19DB55BC72C /* Pods-Twitty.debug.xcconfig */,
				1355648432E745FF9E1800F1 /* Pods-Twitty.release.xcconfig */,
			);
			path = Pods;
			sourceTree = "<group>";
		};
		7D0177DE27157B4E57E536DF /* Frameworks */ = {
			isa = PBXGroup;
			children = (
				B4641BAE6E9B505706330419 /* Pods_Twitty.framework */,
			);
			name = Frameworks;
			sourceTree = "<group>";
		};
/* End PBXGroup section */

/* Begin PBXNativeTarget section */
		24E939C7258D4BC000979FE4 /* Twitty */ = {
			isa = PBXNativeTarget;
			buildConfigurationList = 24E939DC258D4BC200979FE4 /* Build configuration list for PBXNativeTarget "Twitty" */;
			buildPhases = (
				9F9046F8C3B5AAC7FA0422D6 /* [CP] Check Pods Manifest.lock */,
				24E939C4258D4BC000979FE4 /* Sources */,
				24E939C5258D4BC000979FE4 /* Frameworks */,
				24E939C6258D4BC000979FE4 /* Resources */,
				732BC1BD2CC466E1A1D80C8A /* [CP] Embed Pods Frameworks */,
				2451384F25CEBE2F00037108 /* ShellScript */,
			);
			buildRules = (
			);
			dependencies = (
			);
			name = Twitty;
			productName = Twitty;
			productReference = 24E939C8258D4BC000979FE4 /* Twitty.app */;
			productType = "com.apple.product-type.application";
		};
/* End PBXNativeTarget section */

/* Begin PBXProject section */
		24E939C0258D4BC000979FE4 /* Project object */ = {
			isa = PBXProject;
			attributes = {
				LastSwiftUpdateCheck = 1220;
				LastUpgradeCheck = 1220;
				TargetAttributes = {
					24E939C7258D4BC000979FE4 = {
						CreatedOnToolsVersion = 12.2;
					};
				};
			};
			buildConfigurationList = 24E939C3258D4BC000979FE4 /* Build configuration list for PBXProject "Twitty" */;
			compatibilityVersion = "Xcode 9.3";
			developmentRegion = en;
			hasScannedForEncodings = 0;
			knownRegions = (
				en,
				Base,
			);
			mainGroup = 24E939BF258D4BC000979FE4;
			productRefGroup = 24E939C9258D4BC000979FE4 /* Products */;
			projectDirPath = "";
			projectRoot = "";
			targets = (
				24E939C7258D4BC000979FE4 /* Twitty */,
			);
		};
/* End PBXProject section */

/* Begin PBXResourcesBuildPhase section */
		24E939C6258D4BC000979FE4 /* Resources */ = {
			isa = PBXResourcesBuildPhase;
			buildActionMask = 2147483647;
			files = (
				24E939D8258D4BC200979FE4 /* LaunchScreen.storyboard in Resources */,
				244A24AD25985E8700C1E0CE /* GoogleService-Info.plist in Resources */,
				24E939D5258D4BC200979FE4 /* Assets.xcassets in Resources */,
				24E939D3258D4BC000979FE4 /* Main.storyboard in Resources */,
			);
			runOnlyForDeploymentPostprocessing = 0;
		};
/* End PBXResourcesBuildPhase section */

/* Begin PBXShellScriptBuildPhase section */
		2451384F25CEBE2F00037108 /* ShellScript */ = {
			isa = PBXShellScriptBuildPhase;
			buildActionMask = 2147483647;
			files = (
			);
			inputFileListPaths = (
			);
			inputPaths = (
				"${DWARF_DSYM_FOLDER_PATH}/${DWARF_DSYM_FILE_NAME}/Contents/Resources/DWARF/${TARGET_NAME}",
				"$(SRCROOT)/$(BUILT_PRODUCTS_DIR)/$(INFOPLIST_PATH)",
			);
			outputFileListPaths = (
			);
			outputPaths = (
			);
			runOnlyForDeploymentPostprocessing = 0;
			shellPath = /bin/sh;
			shellScript = "# Type a script or drag a script file from your workspace to insert its path.\n\"${PODS_ROOT}/FirebaseCrashlytics/run\"\n";
		};
		732BC1BD2CC466E1A1D80C8A /* [CP] Embed Pods Frameworks */ = {
			isa = PBXShellScriptBuildPhase;
			buildActionMask = 2147483647;
			files = (
			);
			inputFileListPaths = (
				"${PODS_ROOT}/Target Support Files/Pods-Twitty/Pods-Twitty-frameworks-${CONFIGURATION}-input-files.xcfilelist",
			);
			name = "[CP] Embed Pods Frameworks";
			outputFileListPaths = (
				"${PODS_ROOT}/Target Support Files/Pods-Twitty/Pods-Twitty-frameworks-${CONFIGURATION}-output-files.xcfilelist",
			);
			runOnlyForDeploymentPostprocessing = 0;
			shellPath = /bin/sh;
			shellScript = "\"${PODS_ROOT}/Target Support Files/Pods-Twitty/Pods-Twitty-frameworks.sh\"\n";
			showEnvVarsInLog = 0;
		};
		9F9046F8C3B5AAC7FA0422D6 /* [CP] Check Pods Manifest.lock */ = {
			isa = PBXShellScriptBuildPhase;
			buildActionMask = 2147483647;
			files = (
			);
			inputFileListPaths = (
			);
			inputPaths = (
				"${PODS_PODFILE_DIR_PATH}/Podfile.lock",
				"${PODS_ROOT}/Manifest.lock",
			);
			name = "[CP] Check Pods Manifest.lock";
			outputFileListPaths = (
			);
			outputPaths = (
				"$(DERIVED_FILE_DIR)/Pods-Twitty-checkManifestLockResult.txt",
			);
			runOnlyForDeploymentPostprocessing = 0;
			shellPath = /bin/sh;
			shellScript = "diff \"${PODS_PODFILE_DIR_PATH}/Podfile.lock\" \"${PODS_ROOT}/Manifest.lock\" > /dev/null\nif [ $? != 0 ] ; then\n    # print error to STDERR\n    echo \"error: The sandbox is not in sync with the Podfile.lock. Run 'pod install' or update your CocoaPods installation.\" >&2\n    exit 1\nfi\n# This output is used by Xcode 'outputs' to avoid re-running this script phase.\necho \"SUCCESS\" > \"${SCRIPT_OUTPUT_FILE_0}\"\n";
			showEnvVarsInLog = 0;
		};
/* End PBXShellScriptBuildPhase section */

/* Begin PBXSourcesBuildPhase section */
		24E939C4258D4BC000979FE4 /* Sources */ = {
			isa = PBXSourcesBuildPhase;
			buildActionMask = 2147483647;
			files = (
				24E939D0258D4BC000979FE4 /* ViewController.swift in Sources */,
				24E939F7258D600C00979FE4 /* Extensions.swift in Sources */,
				24E939CC258D4BC000979FE4 /* AppDelegate.swift in Sources */,
				24E939EB258D545700979FE4 /* FeedController.swift in Sources */,
				24E939E7258D4F9D00979FE4 /* MainTabController.swift in Sources */,
				24E939F1258D550D00979FE4 /* NotificationsController.swift in Sources */,
				244A24D52598725900C1E0CE /* AuthServices.swift in Sources */,
				24B3962A2599E1FE000E576B /* UserServices.swift in Sources */,
				24E93A01258DFA1900979FE4 /* Utilities.swift in Sources */,
				244A24D225986B4400C1E0CE /* Constants.swift in Sources */,
				24E939FE258DEDF800979FE4 /* RegistrationController.swift in Sources */,
				24E939CE258D4BC000979FE4 /* SceneDelegate.swift in Sources */,
				24E939F4258D552B00979FE4 /* ConversationController.swift in Sources */,
				24E939EE258D54DD00979FE4 /* ExploreController.swift in Sources */,
				24E939FB258DED2300979FE4 /* LoginController.swift in Sources */,
			);
			runOnlyForDeploymentPostprocessing = 0;
		};
/* End PBXSourcesBuildPhase section */

/* Begin PBXVariantGroup section */
		24E939D1258D4BC000979FE4 /* Main.storyboard */ = {
			isa = PBXVariantGroup;
			children = (
				24E939D2258D4BC000979FE4 /* Base */,
			);
			name = Main.storyboard;
			sourceTree = "<group>";
		};
		24E939D6258D4BC200979FE4 /* LaunchScreen.storyboard */ = {
			isa = PBXVariantGroup;
			children = (
				24E939D7258D4BC200979FE4 /* Base */,
			);
			name = LaunchScreen.storyboard;
			sourceTree = "<group>";
		};
/* End PBXVariantGroup section */

/* Begin XCBuildConfiguration section */
		24E939DA258D4BC200979FE4 /* Debug */ = {
			isa = XCBuildConfiguration;
			buildSettings = {
				ALWAYS_SEARCH_USER_PATHS = NO;
				CLANG_ANALYZER_NONNULL = YES;
				CLANG_ANALYZER_NUMBER_OBJECT_CONVERSION = YES_AGGRESSIVE;
				CLANG_CXX_LANGUAGE_STANDARD = "gnu++14";
				CLANG_CXX_LIBRARY = "libc++";
				CLANG_ENABLE_MODULES = YES;
				CLANG_ENABLE_OBJC_ARC = YES;
				CLANG_ENABLE_OBJC_WEAK = YES;
				CLANG_WARN_BLOCK_CAPTURE_AUTORELEASING = YES;
				CLANG_WARN_BOOL_CONVERSION = YES;
				CLANG_WARN_COMMA = YES;
				CLANG_WARN_CONSTANT_CONVERSION = YES;
				CLANG_WARN_DEPRECATED_OBJC_IMPLEMENTATIONS = YES;
				CLANG_WARN_DIRECT_OBJC_ISA_USAGE = YES_ERROR;
				CLANG_WARN_DOCUMENTATION_COMMENTS = YES;
				CLANG_WARN_EMPTY_BODY = YES;
				CLANG_WARN_ENUM_CONVERSION = YES;
				CLANG_WARN_INFINITE_RECURSION = YES;
				CLANG_WARN_INT_CONVERSION = YES;
				CLANG_WARN_NON_LITERAL_NULL_CONVERSION = YES;
				CLANG_WARN_OBJC_IMPLICIT_RETAIN_SELF = YES;
				CLANG_WARN_OBJC_LITERAL_CONVERSION = YES;
				CLANG_WARN_OBJC_ROOT_CLASS = YES_ERROR;
				CLANG_WARN_QUOTED_INCLUDE_IN_FRAMEWORK_HEADER = YES;
				CLANG_WARN_RANGE_LOOP_ANALYSIS = YES;
				CLANG_WARN_STRICT_PROTOTYPES = YES;
				CLANG_WARN_SUSPICIOUS_MOVE = YES;
				CLANG_WARN_UNGUARDED_AVAILABILITY = YES_AGGRESSIVE;
				CLANG_WARN_UNREACHABLE_CODE = YES;
				CLANG_WARN__DUPLICATE_METHOD_MATCH = YES;
				COPY_PHASE_STRIP = NO;
				DEBUG_INFORMATION_FORMAT = dwarf;
				ENABLE_STRICT_OBJC_MSGSEND = YES;
				ENABLE_TESTABILITY = YES;
				GCC_C_LANGUAGE_STANDARD = gnu11;
				GCC_DYNAMIC_NO_PIC = NO;
				GCC_NO_COMMON_BLOCKS = YES;
				GCC_OPTIMIZATION_LEVEL = 0;
				GCC_PREPROCESSOR_DEFINITIONS = (
					"DEBUG=1",
					"$(inherited)",
				);
				GCC_WARN_64_TO_32_BIT_CONVERSION = YES;
				GCC_WARN_ABOUT_RETURN_TYPE = YES_ERROR;
				GCC_WARN_UNDECLARED_SELECTOR = YES;
				GCC_WARN_UNINITIALIZED_AUTOS = YES_AGGRESSIVE;
				GCC_WARN_UNUSED_FUNCTION = YES;
				GCC_WARN_UNUSED_VARIABLE = YES;
				IPHONEOS_DEPLOYMENT_TARGET = 14.2;
				MTL_ENABLE_DEBUG_INFO = INCLUDE_SOURCE;
				MTL_FAST_MATH = YES;
				ONLY_ACTIVE_ARCH = YES;
				SDKROOT = iphoneos;
				SWIFT_ACTIVE_COMPILATION_CONDITIONS = DEBUG;
				SWIFT_OPTIMIZATION_LEVEL = "-Onone";
			};
			name = Debug;
		};
		24E939DB258D4BC200979FE4 /* Release */ = {
			isa = XCBuildConfiguration;
			buildSettings = {
				ALWAYS_SEARCH_USER_PATHS = NO;
				CLANG_ANALYZER_NONNULL = YES;
				CLANG_ANALYZER_NUMBER_OBJECT_CONVERSION = YES_AGGRESSIVE;
				CLANG_CXX_LANGUAGE_STANDARD = "gnu++14";
				CLANG_CXX_LIBRARY = "libc++";
				CLANG_ENABLE_MODULES = YES;
				CLANG_ENABLE_OBJC_ARC = YES;
				CLANG_ENABLE_OBJC_WEAK = YES;
				CLANG_WARN_BLOCK_CAPTURE_AUTORELEASING = YES;
				CLANG_WARN_BOOL_CONVERSION = YES;
				CLANG_WARN_COMMA = YES;
				CLANG_WARN_CONSTANT_CONVERSION = YES;
				CLANG_WARN_DEPRECATED_OBJC_IMPLEMENTATIONS = YES;
				CLANG_WARN_DIRECT_OBJC_ISA_USAGE = YES_ERROR;
				CLANG_WARN_DOCUMENTATION_COMMENTS = YES;
				CLANG_WARN_EMPTY_BODY = YES;
				CLANG_WARN_ENUM_CONVERSION = YES;
				CLANG_WARN_INFINITE_RECURSION = YES;
				CLANG_WARN_INT_CONVERSION = YES;
				CLANG_WARN_NON_LITERAL_NULL_CONVERSION = YES;
				CLANG_WARN_OBJC_IMPLICIT_RETAIN_SELF = YES;
				CLANG_WARN_OBJC_LITERAL_CONVERSION = YES;
				CLANG_WARN_OBJC_ROOT_CLASS = YES_ERROR;
				CLANG_WARN_QUOTED_INCLUDE_IN_FRAMEWORK_HEADER = YES;
				CLANG_WARN_RANGE_LOOP_ANALYSIS = YES;
				CLANG_WARN_STRICT_PROTOTYPES = YES;
				CLANG_WARN_SUSPICIOUS_MOVE = YES;
				CLANG_WARN_UNGUARDED_AVAILABILITY = YES_AGGRESSIVE;
				CLANG_WARN_UNREACHABLE_CODE = YES;
				CLANG_WARN__DUPLICATE_METHOD_MATCH = YES;
				COPY_PHASE_STRIP = NO;
				DEBUG_INFORMATION_FORMAT = "dwarf-with-dsym";
				ENABLE_NS_ASSERTIONS = NO;
				ENABLE_STRICT_OBJC_MSGSEND = YES;
				GCC_C_LANGUAGE_STANDARD = gnu11;
				GCC_NO_COMMON_BLOCKS = YES;
				GCC_WARN_64_TO_32_BIT_CONVERSION = YES;
				GCC_WARN_ABOUT_RETURN_TYPE = YES_ERROR;
				GCC_WARN_UNDECLARED_SELECTOR = YES;
				GCC_WARN_UNINITIALIZED_AUTOS = YES_AGGRESSIVE;
				GCC_WARN_UNUSED_FUNCTION = YES;
				GCC_WARN_UNUSED_VARIABLE = YES;
				IPHONEOS_DEPLOYMENT_TARGET = 14.2;
				MTL_ENABLE_DEBUG_INFO = NO;
				MTL_FAST_MATH = YES;
				SDKROOT = iphoneos;
				SWIFT_COMPILATION_MODE = wholemodule;
				SWIFT_OPTIMIZATION_LEVEL = "-O";
				VALIDATE_PRODUCT = YES;
			};
			name = Release;
		};
		24E939DD258D4BC200979FE4 /* Debug */ = {
			isa = XCBuildConfiguration;
			baseConfigurationReference = 346E25FA2D59C19DB55BC72C /* Pods-Twitty.debug.xcconfig */;
			buildSettings = {
				ASSETCATALOG_COMPILER_APPICON_NAME = AppIcon;
				ASSETCATALOG_COMPILER_GLOBAL_ACCENT_COLOR_NAME = AccentColor;
				CODE_SIGN_STYLE = Automatic;
				DEBUG_INFORMATION_FORMAT = "dwarf-with-dsym";
				DEVELOPMENT_TEAM = GZDD8NBYW6;
				INFOPLIST_FILE = Twitty/Info.plist;
				IPHONEOS_DEPLOYMENT_TARGET = 14.0;
				LD_RUNPATH_SEARCH_PATHS = (
					"$(inherited)",
					"@executable_path/Frameworks",
				);
				PRODUCT_BUNDLE_IDENTIFIER = com.myproject.Twitty;
				PRODUCT_NAME = "$(TARGET_NAME)";
				SWIFT_VERSION = 5.0;
				TARGETED_DEVICE_FAMILY = 1;
			};
			name = Debug;
		};
		24E939DE258D4BC200979FE4 /* Release */ = {
			isa = XCBuildConfiguration;
			baseConfigurationReference = 1355648432E745FF9E1800F1 /* Pods-Twitty.release.xcconfig */;
			buildSettings = {
				ASSETCATALOG_COMPILER_APPICON_NAME = AppIcon;
				ASSETCATALOG_COMPILER_GLOBAL_ACCENT_COLOR_NAME = AccentColor;
				CODE_SIGN_STYLE = Automatic;
				DEBUG_INFORMATION_FORMAT = "dwarf-with-dsym";
				DEVELOPMENT_TEAM = GZDD8NBYW6;
				INFOPLIST_FILE = Twitty/Info.plist;
				IPHONEOS_DEPLOYMENT_TARGET = 14.0;
				LD_RUNPATH_SEARCH_PATHS = (
					"$(inherited)",
					"@executable_path/Frameworks",
				);
				PRODUCT_BUNDLE_IDENTIFIER = com.myproject.Twitty;
				PRODUCT_NAME = "$(TARGET_NAME)";
				SWIFT_VERSION = 5.0;
				TARGETED_DEVICE_FAMILY = 1;
			};
			name = Release;
		};
/* End XCBuildConfiguration section */

/* Begin XCConfigurationList section */
		24E939C3258D4BC000979FE4 /* Build configuration list for PBXProject "Twitty" */ = {
			isa = XCConfigurationList;
			buildConfigurations = (
				24E939DA258D4BC200979FE4 /* Debug */,
				24E939DB258D4BC200979FE4 /* Release */,
			);
			defaultConfigurationIsVisible = 0;
			defaultConfigurationName = Release;
		};
		24E939DC258D4BC200979FE4 /* Build configuration list for PBXNativeTarget "Twitty" */ = {
			isa = XCConfigurationList;
			buildConfigurations = (
				24E939DD258D4BC200979FE4 /* Debug */,
				24E939DE258D4BC200979FE4 /* Release */,
			);
			defaultConfigurationIsVisible = 0;
			defaultConfigurationName = Release;
		};
/* End XCConfigurationList section */
	};
	rootObject = 24E939C0258D4BC000979FE4 /* Project object */;
}
